// !$*UTF8*$!
{
	archiveVersion = 1;
	classes = {
	};
	objectVersion = 48;
	objects = {

/* Begin PBXBuildFile section */
		F904820C1F8CC5C200F286E3 /* AppDelegate.swift in Sources */ = {isa = PBXBuildFile; fileRef = F904820B1F8CC5C200F286E3 /* AppDelegate.swift */; };
		F904820E1F8CC5C200F286E3 /* art.scnassets in Resources */ = {isa = PBXBuildFile; fileRef = F904820D1F8CC5C200F286E3 /* art.scnassets */; };
		F90482101F8CC5C200F286E3 /* ViewController.swift in Sources */ = {isa = PBXBuildFile; fileRef = F904820F1F8CC5C200F286E3 /* ViewController.swift */; };
		F90482131F8CC5C200F286E3 /* Main.storyboard in Resources */ = {isa = PBXBuildFile; fileRef = F90482111F8CC5C200F286E3 /* Main.storyboard */; };
		F90482151F8CC5C200F286E3 /* Assets.xcassets in Resources */ = {isa = PBXBuildFile; fileRef = F90482141F8CC5C200F286E3 /* Assets.xcassets */; };
		F90482181F8CC5C200F286E3 /* LaunchScreen.storyboard in Resources */ = {isa = PBXBuildFile; fileRef = F90482161F8CC5C200F286E3 /* LaunchScreen.storyboard */; };
		F90482231F8CC5C200F286E3 /* AR_CoreMLByALTests.swift in Sources */ = {isa = PBXBuildFile; fileRef = F90482221F8CC5C200F286E3 /* AR_CoreMLByALTests.swift */; };
		F904822E1F8CC5C200F286E3 /* AR_CoreMLByALUITests.swift in Sources */ = {isa = PBXBuildFile; fileRef = F904822D1F8CC5C200F286E3 /* AR_CoreMLByALUITests.swift */; };
		F904823C1F8CCF9500F286E3 /* Resnet50.mlmodel in Sources */ = {isa = PBXBuildFile; fileRef = F904823B1F8CCF9200F286E3 /* Resnet50.mlmodel */; };
/* End PBXBuildFile section */

/* Begin PBXContainerItemProxy section */
		F904821F1F8CC5C200F286E3 /* PBXContainerItemProxy */ = {
			isa = PBXContainerItemProxy;
			containerPortal = F90482001F8CC5C200F286E3 /* Project object */;
			proxyType = 1;
			remoteGlobalIDString = F90482071F8CC5C200F286E3;
			remoteInfo = AR_CoreMLByAL;
		};
		F904822A1F8CC5C200F286E3 /* PBXContainerItemProxy */ = {
			isa = PBXContainerItemProxy;
			containerPortal = F90482001F8CC5C200F286E3 /* Project object */;
			proxyType = 1;
			remoteGlobalIDString = F90482071F8CC5C200F286E3;
			remoteInfo = AR_CoreMLByAL;
		};
/* End PBXContainerItemProxy section */

/* Begin PBXFileReference section */
		F90482081F8CC5C200F286E3 /* AR_CoreMLByAL.app */ = {isa = PBXFileReference; explicitFileType = wrapper.application; includeInIndex = 0; path = AR_CoreMLByAL.app; sourceTree = BUILT_PRODUCTS_DIR; };
		F904820B1F8CC5C200F286E3 /* AppDelegate.swift */ = {isa = PBXFileReference; lastKnownFileType = sourcecode.swift; path = AppDelegate.swift; sourceTree = "<group>"; };
		F904820D1F8CC5C200F286E3 /* art.scnassets */ = {isa = PBXFileReference; lastKnownFileType = wrapper.scnassets; path = art.scnassets; sourceTree = "<group>"; };
		F904820F1F8CC5C200F286E3 /* ViewController.swift */ = {isa = PBXFileReference; lastKnownFileType = sourcecode.swift; path = ViewController.swift; sourceTree = "<group>"; };
		F90482121F8CC5C200F286E3 /* Base */ = {isa = PBXFileReference; lastKnownFileType = file.storyboard; name = Base; path = Base.lproj/Main.storyboard; sourceTree = "<group>"; };
		F90482141F8CC5C200F286E3 /* Assets.xcassets */ = {isa = PBXFileReference; lastKnownFileType = folder.assetcatalog; path = Assets.xcassets; sourceTree = "<group>"; };
		F90482171F8CC5C200F286E3 /* Base */ = {isa = PBXFileReference; lastKnownFileType = file.storyboard; name = Base; path = Base.lproj/LaunchScreen.storyboard; sourceTree = "<group>"; };
		F90482191F8CC5C200F286E3 /* Info.plist */ = {isa = PBXFileReference; lastKnownFileType = text.plist.xml; path = Info.plist; sourceTree = "<group>"; };
		F904821E1F8CC5C200F286E3 /* AR_CoreMLByALTests.xctest */ = {isa = PBXFileReference; explicitFileType = wrapper.cfbundle; includeInIndex = 0; path = AR_CoreMLByALTests.xctest; sourceTree = BUILT_PRODUCTS_DIR; };
		F90482221F8CC5C200F286E3 /* AR_CoreMLByALTests.swift */ = {isa = PBXFileReference; lastKnownFileType = sourcecode.swift; path = AR_CoreMLByALTests.swift; sourceTree = "<group>"; };
		F90482241F8CC5C200F286E3 /* Info.plist */ = {isa = PBXFileReference; lastKnownFileType = text.plist.xml; path = Info.plist; sourceTree = "<group>"; };
		F90482291F8CC5C200F286E3 /* AR_CoreMLByALUITests.xctest */ = {isa = PBXFileReference; explicitFileType = wrapper.cfbundle; includeInIndex = 0; path = AR_CoreMLByALUITests.xctest; sourceTree = BUILT_PRODUCTS_DIR; };
		F904822D1F8CC5C200F286E3 /* AR_CoreMLByALUITests.swift */ = {isa = PBXFileReference; lastKnownFileType = sourcecode.swift; path = AR_CoreMLByALUITests.swift; sourceTree = "<group>"; };
		F904822F1F8CC5C200F286E3 /* Info.plist */ = {isa = PBXFileReference; lastKnownFileType = text.plist.xml; path = Info.plist; sourceTree = "<group>"; };
		F904823B1F8CCF9200F286E3 /* Resnet50.mlmodel */ = {isa = PBXFileReference; lastKnownFileType = file.mlmodel; path = Resnet50.mlmodel; sourceTree = "<group>"; };
/* End PBXFileReference section */

/* Begin PBXFrameworksBuildPhase section */
		F90482051F8CC5C200F286E3 /* Frameworks */ = {
			isa = PBXFrameworksBuildPhase;
			buildActionMask = 2147483647;
			files = (
			);
			runOnlyForDeploymentPostprocessing = 0;
		};
		F904821B1F8CC5C200F286E3 /* Frameworks */ = {
			isa = PBXFrameworksBuildPhase;
			buildActionMask = 2147483647;
			files = (
			);
			runOnlyForDeploymentPostprocessing = 0;
		};
		F90482261F8CC5C200F286E3 /* Frameworks */ = {
			isa = PBXFrameworksBuildPhase;
			buildActionMask = 2147483647;
			files = (
			);
			runOnlyForDeploymentPostprocessing = 0;
		};
/* End PBXFrameworksBuildPhase section */

/* Begin PBXGroup section */
		F90481FF1F8CC5C200F286E3 = {
			isa = PBXGroup;
			children = (
				F904820A1F8CC5C200F286E3 /* AR_CoreMLByAL */,
				F90482211F8CC5C200F286E3 /* AR_CoreMLByALTests */,
				F904822C1F8CC5C200F286E3 /* AR_CoreMLByALUITests */,
				F90482091F8CC5C200F286E3 /* Products */,
			);
			sourceTree = "<group>";
		};
		F90482091F8CC5C200F286E3 /* Products */ = {
			isa = PBXGroup;
			children = (
				F90482081F8CC5C200F286E3 /* AR_CoreMLByAL.app */,
				F904821E1F8CC5C200F286E3 /* AR_CoreMLByALTests.xctest */,
				F90482291F8CC5C200F286E3 /* AR_CoreMLByALUITests.xctest */,
			);
			name = Products;
			sourceTree = "<group>";
		};
		F904820A1F8CC5C200F286E3 /* AR_CoreMLByAL */ = {
			isa = PBXGroup;
			children = (
				F904823B1F8CCF9200F286E3 /* Resnet50.mlmodel */,
				F904820B1F8CC5C200F286E3 /* AppDelegate.swift */,
				F904820D1F8CC5C200F286E3 /* art.scnassets */,
				F904820F1F8CC5C200F286E3 /* ViewController.swift */,
				F90482111F8CC5C200F286E3 /* Main.storyboard */,
				F90482141F8CC5C200F286E3 /* Assets.xcassets */,
				F90482161F8CC5C200F286E3 /* LaunchScreen.storyboard */,
				F90482191F8CC5C200F286E3 /* Info.plist */,
			);
			path = AR_CoreMLByAL;
			sourceTree = "<group>";
		};
		F90482211F8CC5C200F286E3 /* AR_CoreMLByALTests */ = {
			isa = PBXGroup;
			children = (
				F90482221F8CC5C200F286E3 /* AR_CoreMLByALTests.swift */,
				F90482241F8CC5C200F286E3 /* Info.plist */,
			);
			path = AR_CoreMLByALTests;
			sourceTree = "<group>";
		};
		F904822C1F8CC5C200F286E3 /* AR_CoreMLByALUITests */ = {
			isa = PBXGroup;
			children = (
				F904822D1F8CC5C200F286E3 /* AR_CoreMLByALUITests.swift */,
				F904822F1F8CC5C200F286E3 /* Info.plist */,
			);
			path = AR_CoreMLByALUITests;
			sourceTree = "<group>";
		};
/* End PBXGroup section */

/* Begin PBXNativeTarget section */
		F90482071F8CC5C200F286E3 /* AR_CoreMLByAL */ = {
			isa = PBXNativeTarget;
			buildConfigurationList = F90482321F8CC5C200F286E3 /* Build configuration list for PBXNativeTarget "AR_CoreMLByAL" */;
			buildPhases = (
				F90482041F8CC5C200F286E3 /* Sources */,
				F90482051F8CC5C200F286E3 /* Frameworks */,
				F90482061F8CC5C200F286E3 /* Resources */,
			);
			buildRules = (
			);
			dependencies = (
			);
			name = AR_CoreMLByAL;
			productName = AR_CoreMLByAL;
			productReference = F90482081F8CC5C200F286E3 /* AR_CoreMLByAL.app */;
			productType = "com.apple.product-type.application";
		};
		F904821D1F8CC5C200F286E3 /* AR_CoreMLByALTests */ = {
			isa = PBXNativeTarget;
			buildConfigurationList = F90482351F8CC5C200F286E3 /* Build configuration list for PBXNativeTarget "AR_CoreMLByALTests" */;
			buildPhases = (
				F904821A1F8CC5C200F286E3 /* Sources */,
				F904821B1F8CC5C200F286E3 /* Frameworks */,
				F904821C1F8CC5C200F286E3 /* Resources */,
			);
			buildRules = (
			);
			dependencies = (
				F90482201F8CC5C200F286E3 /* PBXTargetDependency */,
			);
			name = AR_CoreMLByALTests;
			productName = AR_CoreMLByALTests;
			productReference = F904821E1F8CC5C200F286E3 /* AR_CoreMLByALTests.xctest */;
			productType = "com.apple.product-type.bundle.unit-test";
		};
		F90482281F8CC5C200F286E3 /* AR_CoreMLByALUITests */ = {
			isa = PBXNativeTarget;
			buildConfigurationList = F90482381F8CC5C200F286E3 /* Build configuration list for PBXNativeTarget "AR_CoreMLByALUITests" */;
			buildPhases = (
				F90482251F8CC5C200F286E3 /* Sources */,
				F90482261F8CC5C200F286E3 /* Frameworks */,
				F90482271F8CC5C200F286E3 /* Resources */,
			);
			buildRules = (
			);
			dependencies = (
				F904822B1F8CC5C200F286E3 /* PBXTargetDependency */,
			);
			name = AR_CoreMLByALUITests;
			productName = AR_CoreMLByALUITests;
			productReference = F90482291F8CC5C200F286E3 /* AR_CoreMLByALUITests.xctest */;
			productType = "com.apple.product-type.bundle.ui-testing";
		};
/* End PBXNativeTarget section */

/* Begin PBXProject section */
		F90482001F8CC5C200F286E3 /* Project object */ = {
			isa = PBXProject;
			attributes = {
				LastSwiftUpdateCheck = 0900;
				LastUpgradeCheck = 0900;
				ORGANIZATIONNAME = "北京电小二网络科技有限公司";
				TargetAttributes = {
					F90482071F8CC5C200F286E3 = {
						CreatedOnToolsVersion = 9.0;
						ProvisioningStyle = Automatic;
					};
					F904821D1F8CC5C200F286E3 = {
						CreatedOnToolsVersion = 9.0;
						ProvisioningStyle = Automatic;
						TestTargetID = F90482071F8CC5C200F286E3;
					};
					F90482281F8CC5C200F286E3 = {
						CreatedOnToolsVersion = 9.0;
						ProvisioningStyle = Automatic;
						TestTargetID = F90482071F8CC5C200F286E3;
					};
				};
			};
			buildConfigurationList = F90482031F8CC5C200F286E3 /* Build configuration list for PBXProject "AR_CoreMLByAL" */;
			compatibilityVersion = "Xcode 8.0";
			developmentRegion = en;
			hasScannedForEncodings = 0;
			knownRegions = (
				en,
				Base,
			);
			mainGroup = F90481FF1F8CC5C200F286E3;
			productRefGroup = F90482091F8CC5C200F286E3 /* Products */;
			projectDirPath = "";
			projectRoot = "";
			targets = (
				F90482071F8CC5C200F286E3 /* AR_CoreMLByAL */,
				F904821D1F8CC5C200F286E3 /* AR_CoreMLByALTests */,
				F90482281F8CC5C200F286E3 /* AR_CoreMLByALUITests */,
			);
		};
/* End PBXProject section */

/* Begin PBXResourcesBuildPhase section */
		F90482061F8CC5C200F286E3 /* Resources */ = {
			isa = PBXResourcesBuildPhase;
			buildActionMask = 2147483647;
			files = (
				F904820E1F8CC5C200F286E3 /* art.scnassets in Resources */,
				F90482181F8CC5C200F286E3 /* LaunchScreen.storyboard in Resources */,
				F90482151F8CC5C200F286E3 /* Assets.xcassets in Resources */,
				F90482131F8CC5C200F286E3 /* Main.storyboard in Resources */,
			);
			runOnlyForDeploymentPostprocessing = 0;
		};
		F904821C1F8CC5C200F286E3 /* Resources */ = {
			isa = PBXResourcesBuildPhase;
			buildActionMask = 2147483647;
			files = (
			);
			runOnlyForDeploymentPostprocessing = 0;
		};
		F90482271F8CC5C200F286E3 /* Resources */ = {
			isa = PBXResourcesBuildPhase;
			buildActionMask = 2147483647;
			files = (
			);
			runOnlyForDeploymentPostprocessing = 0;
		};
/* End PBXResourcesBuildPhase section */

/* Begin PBXSourcesBuildPhase section */
		F90482041F8CC5C200F286E3 /* Sources */ = {
			isa = PBXSourcesBuildPhase;
			buildActionMask = 2147483647;
			files = (
				F90482101F8CC5C200F286E3 /* ViewController.swift in Sources */,
				F904823C1F8CCF9500F286E3 /* Resnet50.mlmodel in Sources */,
				F904820C1F8CC5C200F286E3 /* AppDelegate.swift in Sources */,
			);
			runOnlyForDeploymentPostprocessing = 0;
		};
		F904821A1F8CC5C200F286E3 /* Sources */ = {
			isa = PBXSourcesBuildPhase;
			buildActionMask = 2147483647;
			files = (
				F90482231F8CC5C200F286E3 /* AR_CoreMLByALTests.swift in Sources */,
			);
			runOnlyForDeploymentPostprocessing = 0;
		};
		F90482251F8CC5C200F286E3 /* Sources */ = {
			isa = PBXSourcesBuildPhase;
			buildActionMask = 2147483647;
			files = (
				F904822E1F8CC5C200F286E3 /* AR_CoreMLByALUITests.swift in Sources */,
			);
			runOnlyForDeploymentPostprocessing = 0;
		};
/* End PBXSourcesBuildPhase section */

/* Begin PBXTargetDependency section */
		F90482201F8CC5C200F286E3 /* PBXTargetDependency */ = {
			isa = PBXTargetDependency;
			target = F90482071F8CC5C200F286E3 /* AR_CoreMLByAL */;
			targetProxy = F904821F1F8CC5C200F286E3 /* PBXContainerItemProxy */;
		};
		F904822B1F8CC5C200F286E3 /* PBXTargetDependency */ = {
			isa = PBXTargetDependency;
			target = F90482071F8CC5C200F286E3 /* AR_CoreMLByAL */;
			targetProxy = F904822A1F8CC5C200F286E3 /* PBXContainerItemProxy */;
		};
/* End PBXTargetDependency section */

/* Begin PBXVariantGroup section */
		F90482111F8CC5C200F286E3 /* Main.storyboard */ = {
			isa = PBXVariantGroup;
			children = (
				F90482121F8CC5C200F286E3 /* Base */,
			);
			name = Main.storyboard;
			sourceTree = "<group>";
		};
		F90482161F8CC5C200F286E3 /* LaunchScreen.storyboard */ = {
			isa = PBXVariantGroup;
			children = (
				F90482171F8CC5C200F286E3 /* Base */,
			);
			name = LaunchScreen.storyboard;
			sourceTree = "<group>";
		};
/* End PBXVariantGroup section */

/* Begin XCBuildConfiguration section */
		F90482301F8CC5C200F286E3 /* Debug */ = {
			isa = XCBuildConfiguration;
			buildSettings = {
				ALWAYS_SEARCH_USER_PATHS = NO;
				CLANG_ANALYZER_NONNULL = YES;
				CLANG_ANALYZER_NUMBER_OBJECT_CONVERSION = YES_AGGRESSIVE;
				CLANG_CXX_LANGUAGE_STANDARD = "gnu++14";
				CLANG_CXX_LIBRARY = "libc++";
				CLANG_ENABLE_MODULES = YES;
				CLANG_ENABLE_OBJC_ARC = YES;
				CLANG_WARN_BLOCK_CAPTURE_AUTORELEASING = YES;
				CLANG_WARN_BOOL_CONVERSION = YES;
				CLANG_WARN_COMMA = YES;
				CLANG_WARN_CONSTANT_CONVERSION = YES;
				CLANG_WARN_DIRECT_OBJC_ISA_USAGE = YES_ERROR;
				CLANG_WARN_DOCUMENTATION_COMMENTS = YES;
				CLANG_WARN_EMPTY_BODY = YES;
				CLANG_WARN_ENUM_CONVERSION = YES;
				CLANG_WARN_INFINITE_RECURSION = YES;
				CLANG_WARN_INT_CONVERSION = YES;
				CLANG_WARN_NON_LITERAL_NULL_CONVERSION = YES;
				CLANG_WARN_OBJC_LITERAL_CONVERSION = YES;
				CLANG_WARN_OBJC_ROOT_CLASS = YES_ERROR;
				CLANG_WARN_RANGE_LOOP_ANALYSIS = YES;
				CLANG_WARN_STRICT_PROTOTYPES = YES;
				CLANG_WARN_SUSPICIOUS_MOVE = YES;
				CLANG_WARN_UNGUARDED_AVAILABILITY = YES_AGGRESSIVE;
				CLANG_WARN_UNREACHABLE_CODE = YES;
				CLANG_WARN__DUPLICATE_METHOD_MATCH = YES;
				CODE_SIGN_IDENTITY = "iPhone Developer";
				COPY_PHASE_STRIP = NO;
				DEBUG_INFORMATION_FORMAT = dwarf;
				ENABLE_STRICT_OBJC_MSGSEND = YES;
				ENABLE_TESTABILITY = YES;
				GCC_C_LANGUAGE_STANDARD = gnu11;
				GCC_DYNAMIC_NO_PIC = NO;
				GCC_NO_COMMON_BLOCKS = YES;
				GCC_OPTIMIZATION_LEVEL = 0;
				GCC_PREPROCESSOR_DEFINITIONS = (
					"DEBUG=1",
					"$(inherited)",
				);
				GCC_WARN_64_TO_32_BIT_CONVERSION = YES;
				GCC_WARN_ABOUT_RETURN_TYPE = YES_ERROR;
				GCC_WARN_UNDECLARED_SELECTOR = YES;
				GCC_WARN_UNINITIALIZED_AUTOS = YES_AGGRESSIVE;
				GCC_WARN_UNUSED_FUNCTION = YES;
				GCC_WARN_UNUSED_VARIABLE = YES;
				IPHONEOS_DEPLOYMENT_TARGET = 11.0;
				MTL_ENABLE_DEBUG_INFO = YES;
				ONLY_ACTIVE_ARCH = YES;
				SDKROOT = iphoneos;
				SWIFT_ACTIVE_COMPILATION_CONDITIONS = DEBUG;
				SWIFT_OPTIMIZATION_LEVEL = "-Onone";
			};
			name = Debug;
		};
		F90482311F8CC5C200F286E3 /* Release */ = {
			isa = XCBuildConfiguration;
			buildSettings = {
				ALWAYS_SEARCH_USER_PATHS = NO;
				CLANG_ANALYZER_NONNULL = YES;
				CLANG_ANALYZER_NUMBER_OBJECT_CONVERSION = YES_AGGRESSIVE;
				CLANG_CXX_LANGUAGE_STANDARD = "gnu++14";
				CLANG_CXX_LIBRARY = "libc++";
				CLANG_ENABLE_MODULES = YES;
				CLANG_ENABLE_OBJC_ARC = YES;
				CLANG_WARN_BLOCK_CAPTURE_AUTORELEASING = YES;
				CLANG_WARN_BOOL_CONVERSION = YES;
				CLANG_WARN_COMMA = YES;
				CLANG_WARN_CONSTANT_CONVERSION = YES;
				CLANG_WARN_DIRECT_OBJC_ISA_USAGE = YES_ERROR;
				CLANG_WARN_DOCUMENTATION_COMMENTS = YES;
				CLANG_WARN_EMPTY_BODY = YES;
				CLANG_WARN_ENUM_CONVERSION = YES;
				CLANG_WARN_INFINITE_RECURSION = YES;
				CLANG_WARN_INT_CONVERSION = YES;
				CLANG_WARN_NON_LITERAL_NULL_CONVERSION = YES;
				CLANG_WARN_OBJC_LITERAL_CONVERSION = YES;
				CLANG_WARN_OBJC_ROOT_CLASS = YES_ERROR;
				CLANG_WARN_RANGE_LOOP_ANALYSIS = YES;
				CLANG_WARN_STRICT_PROTOTYPES = YES;
				CLANG_WARN_SUSPICIOUS_MOVE = YES;
				CLANG_WARN_UNGUARDED_AVAILABILITY = YES_AGGRESSIVE;
				CLANG_WARN_UNREACHABLE_CODE = YES;
				CLANG_WARN__DUPLICATE_METHOD_MATCH = YES;
				CODE_SIGN_IDENTITY = "iPhone Developer";
				COPY_PHASE_STRIP = NO;
				DEBUG_INFORMATION_FORMAT = "dwarf-with-dsym";
				ENABLE_NS_ASSERTIONS = NO;
				ENABLE_STRICT_OBJC_MSGSEND = YES;
				GCC_C_LANGUAGE_STANDARD = gnu11;
				GCC_NO_COMMON_BLOCKS = YES;
				GCC_WARN_64_TO_32_BIT_CONVERSION = YES;
				GCC_WARN_ABOUT_RETURN_TYPE = YES_ERROR;
				GCC_WARN_UNDECLARED_SELECTOR = YES;
				GCC_WARN_UNINITIALIZED_AUTOS = YES_AGGRESSIVE;
				GCC_WARN_UNUSED_FUNCTION = YES;
				GCC_WARN_UNUSED_VARIABLE = YES;
				IPHONEOS_DEPLOYMENT_TARGET = 11.0;
				MTL_ENABLE_DEBUG_INFO = NO;
				SDKROOT = iphoneos;
				SWIFT_OPTIMIZATION_LEVEL = "-Owholemodule";
				VALIDATE_PRODUCT = YES;
			};
			name = Release;
		};
		F90482331F8CC5C200F286E3 /* Debug */ = {
			isa = XCBuildConfiguration;
			buildSettings = {
				ASSETCATALOG_COMPILER_APPICON_NAME = AppIcon;
				CODE_SIGN_STYLE = Automatic;
				DEVELOPMENT_TEAM = R99WCXJXXA;
				INFOPLIST_FILE = AR_CoreMLByAL/Info.plist;
				LD_RUNPATH_SEARCH_PATHS = "$(inherited) @executable_path/Frameworks";
				PRODUCT_BUNDLE_IDENTIFIER = "com.zhangfeichongdian.AR-CoreMLByAL";
				PRODUCT_NAME = "$(TARGET_NAME)";
				SWIFT_VERSION = 4.0;
				TARGETED_DEVICE_FAMILY = "1,2";
			};
			name = Debug;
		};
		F90482341F8CC5C200F286E3 /* Release */ = {
			isa = XCBuildConfiguration;
			buildSettings = {
				ASSETCATALOG_COMPILER_APPICON_NAME = AppIcon;
				CODE_SIGN_STYLE = Automatic;
				DEVELOPMENT_TEAM = R99WCXJXXA;
				INFOPLIST_FILE = AR_CoreMLByAL/Info.plist;
				LD_RUNPATH_SEARCH_PATHS = "$(inherited) @executable_path/Frameworks";
				PRODUCT_BUNDLE_IDENTIFIER = "com.zhangfeichongdian.AR-CoreMLByAL";
				PRODUCT_NAME = "$(TARGET_NAME)";
				SWIFT_VERSION = 4.0;
				TARGETED_DEVICE_FAMILY = "1,2";
			};
			name = Release;
		};
		F90482361F8CC5C200F286E3 /* Debug */ = {
			isa = XCBuildConfiguration;
			buildSettings = {
				ALWAYS_EMBED_SWIFT_STANDARD_LIBRARIES = YES;
				BUNDLE_LOADER = "$(TEST_HOST)";
				CODE_SIGN_STYLE = Automatic;
				DEVELOPMENT_TEAM = R99WCXJXXA;
				INFOPLIST_FILE = AR_CoreMLByALTests/Info.plist;
				LD_RUNPATH_SEARCH_PATHS = "$(inherited) @executable_path/Frameworks @loader_path/Frameworks";
				PRODUCT_BUNDLE_IDENTIFIER = "com.zhangfeichongdian.AR-CoreMLByALTests";
				PRODUCT_NAME = "$(TARGET_NAME)";
				SWIFT_VERSION = 4.0;
				TARGETED_DEVICE_FAMILY = "1,2";
				TEST_HOST = "$(BUILT_PRODUCTS_DIR)/AR_CoreMLByAL.app/AR_CoreMLByAL";
			};
			name = Debug;
		};
		F90482371F8CC5C200F286E3 /* Release */ = {
			isa = XCBuildConfiguration;
			buildSettings = {
				ALWAYS_EMBED_SWIFT_STANDARD_LIBRARIES = YES;
				BUNDLE_LOADER = "$(TEST_HOST)";
				CODE_SIGN_STYLE = Automatic;
				DEVELOPMENT_TEAM = R99WCXJXXA;
				INFOPLIST_FILE = AR_CoreMLByALTests/Info.plist;
				LD_RUNPATH_SEARCH_PATHS = "$(inherited) @executable_path/Frameworks @loader_path/Frameworks";
				PRODUCT_BUNDLE_IDENTIFIER = "com.zhangfeichongdian.AR-CoreMLByALTests";
				PRODUCT_NAME = "$(TARGET_NAME)";
				SWIFT_VERSION = 4.0;
				TARGETED_DEVICE_FAMILY = "1,2";
				TEST_HOST = "$(BUILT_PRODUCTS_DIR)/AR_CoreMLByAL.app/AR_CoreMLByAL";
			};
			name = Release;
		};
		F90482391F8CC5C200F286E3 /* Debug */ = {
			isa = XCBuildConfiguration;
			buildSettings = {
				ALWAYS_EMBED_SWIFT_STANDARD_LIBRARIES = YES;
				CODE_SIGN_STYLE = Automatic;
				DEVELOPMENT_TEAM = R99WCXJXXA;
				INFOPLIST_FILE = AR_CoreMLByALUITests/Info.plist;
				LD_RUNPATH_SEARCH_PATHS = "$(inherited) @executable_path/Frameworks @loader_path/Frameworks";
				PRODUCT_BUNDLE_IDENTIFIER = "com.zhangfeichongdian.AR-CoreMLByALUITests";
				PRODUCT_NAME = "$(TARGET_NAME)";
				SWIFT_VERSION = 4.0;
				TARGETED_DEVICE_FAMILY = "1,2";
				TEST_TARGET_NAME = AR_CoreMLByAL;
			};
			name = Debug;
		};
		F904823A1F8CC5C200F286E3 /* Release */ = {
			isa = XCBuildConfiguration;
			buildSettings = {
				ALWAYS_EMBED_SWIFT_STANDARD_LIBRARIES = YES;
				CODE_SIGN_STYLE = Automatic;
				DEVELOPMENT_TEAM = R99WCXJXXA;
				INFOPLIST_FILE = AR_CoreMLByALUITests/Info.plist;
				LD_RUNPATH_SEARCH_PATHS = "$(inherited) @executable_path/Frameworks @loader_path/Frameworks";
				PRODUCT_BUNDLE_IDENTIFIER = "com.zhangfeichongdian.AR-CoreMLByALUITests";
				PRODUCT_NAME = "$(TARGET_NAME)";
				SWIFT_VERSION = 4.0;
				TARGETED_DEVICE_FAMILY = "1,2";
				TEST_TARGET_NAME = AR_CoreMLByAL;
			};
			name = Release;
		};
/* End XCBuildConfiguration section */

/* Begin XCConfigurationList section */
		F90482031F8CC5C200F286E3 /* Build configuration list for PBXProject "AR_CoreMLByAL" */ = {
			isa = XCConfigurationList;
			buildConfigurations = (
				F90482301F8CC5C200F286E3 /* Debug */,
				F90482311F8CC5C200F286E3 /* Release */,
			);
			defaultConfigurationIsVisible = 0;
			defaultConfigurationName = Release;
		};
		F90482321F8CC5C200F286E3 /* Build configuration list for PBXNativeTarget "AR_CoreMLByAL" */ = {
			isa = XCConfigurationList;
			buildConfigurations = (
				F90482331F8CC5C200F286E3 /* Debug */,
				F90482341F8CC5C200F286E3 /* Release */,
			);
			defaultConfigurationIsVisible = 0;
			defaultConfigurationName = Release;
		};
		F90482351F8CC5C200F286E3 /* Build configuration list for PBXNativeTarget "AR_CoreMLByALTests" */ = {
			isa = XCConfigurationList;
			buildConfigurations = (
				F90482361F8CC5C200F286E3 /* Debug */,
				F90482371F8CC5C200F286E3 /* Release */,
			);
			defaultConfigurationIsVisible = 0;
			defaultConfigurationName = Release;
		};
		F90482381F8CC5C200F286E3 /* Build configuration list for PBXNativeTarget "AR_CoreMLByALUITests" */ = {
			isa = XCConfigurationList;
			buildConfigurations = (
				F90482391F8CC5C200F286E3 /* Debug */,
				F904823A1F8CC5C200F286E3 /* Release */,
			);
			defaultConfigurationIsVisible = 0;
			defaultConfigurationName = Release;
		};
/* End XCConfigurationList section */
	};
	rootObject = F90482001F8CC5C200F286E3 /* Project object */;
}
